<?xml version="1.0" encoding="utf-8"?>
<Project ToolsVersion="4.0" xmlns="http://schemas.microsoft.com/developer/msbuild/2003">
  <ItemGroup>
    <Filter Include="源文件">
      <UniqueIdentifier>{4FC737F1-C7A5-4376-A066-2A32D752A2FF}</UniqueIdentifier>
      <Extensions>cpp;c;cc;cxx;def;odl;idl;hpj;bat;asm;asmx</Extensions>
    </Filter>
    <Filter Include="头文件">
      <UniqueIdentifier>{93995380-89BD-4b04-88EB-625FBE52EBFB}</UniqueIdentifier>
      <Extensions>h;hh;hpp;hxx;hm;inl;inc;xsd</Extensions>
    </Filter>
    <Filter Include="资源文件">
      <UniqueIdentifier>{67DA6AB6-F800-4c08-8B7A-83BB121AAD01}</UniqueIdentifier>
      <Extensions>rc;ico;cur;bmp;dlg;rc2;rct;bin;rgs;gif;jpg;jpeg;jpe;resx;tiff;tif;png;wav;mfcribbon-ms</Extensions>
    </Filter>
  </ItemGroup>
  <ItemGroup>
    <ClInclude Include="rx\schedule_manager.h">
      <Filter>头文件</Filter>
    </ClInclude>
    <ClInclude Include="rx\common.hpp">
      <Filter>头文件</Filter>
    </ClInclude>
    <ClInclude Include="rx\rx_test\rx_manager_test.hpp">
      <Filter>头文件</Filter>
    </ClInclude>
    <ClInclude Include="rx\rx_test\rx_base_test.hpp">
      <Filter>头文件</Filter>
    </ClInclude>
    <ClInclude Include="rx\rx_subscriber.hpp">
      <Filter>头文件</Filter>
    </ClInclude>
    <ClInclude Include="rx\rx_callback.hpp">
      <Filter>头文件</Filter>
    </ClInclude>
    <ClInclude Include="rx\rx_flowable.hpp">
      <Filter>头文件</Filter>
    </ClInclude>
    <ClInclude Include="rx\rx_operation\flowable_just.hpp">
      <Filter>头文件</Filter>
    </ClInclude>
    <ClInclude Include="rx\rx_base.hpp">
      <Filter>头文件</Filter>
    </ClInclude>
    <ClInclude Include="rx\rx_operation\flowable_subscribe_on.hpp">
      <Filter>头文件</Filter>
    </ClInclude>
    <ClInclude Include="rx\rx_operation\flowable_observe_on.hpp">
      <Filter>头文件</Filter>
    </ClInclude>
    <ClInclude Include="rx\rx_test\rx_concat_test.hpp">
      <Filter>头文件</Filter>
    </ClInclude>
    <ClInclude Include="rx\rx_operation\flowable_concat.hpp">
      <Filter>头文件</Filter>
    </ClInclude>
    <ClInclude Include="rx\rx_operation\flowable_from_array.hpp">
      <Filter>头文件</Filter>
    </ClInclude>
    <ClInclude Include="rx\rx_operation\flowable_merge.hpp">
      <Filter>头文件</Filter>
    </ClInclude>
    <ClInclude Include="rx\rx_test\rx_merge_test.hpp">
      <Filter>头文件</Filter>
    </ClInclude>
    <ClInclude Include="rx\rx_on_subscribe.hpp">
      <Filter>头文件</Filter>
    </ClInclude>
    <ClInclude Include="rx\rx_operation\flowable_create.hpp">
      <Filter>头文件</Filter>
    </ClInclude>
    <ClInclude Include="rx\rx_test\rx_create_test.hpp">
      <Filter>头文件</Filter>
    </ClInclude>
    <ClInclude Include="rx\rx_test\rx_flatmap_test.hpp">
      <Filter>头文件</Filter>
    </ClInclude>
    <ClInclude Include="rx\rx_operation\flowable_flatmap.hpp">
      <Filter>头文件</Filter>
    </ClInclude>
    <ClInclude Include="rx\rx_operation\flowable_zip.hpp">
      <Filter>头文件</Filter>
    </ClInclude>
    <ClInclude Include="rx\rx_test\rx_zip_test.hpp">
      <Filter>头文件</Filter>
    </ClInclude>
    <ClInclude Include="rx\rx_operation\flowable_timer.hpp">
      <Filter>头文件</Filter>
    </ClInclude>
    <ClInclude Include="rx\rx_test\rx_timer_test.hpp">
      <Filter>头文件</Filter>
    </ClInclude>
    <ClInclude Include="rx\rx_operation\flowable_take_while.hpp">
      <Filter>头文件</Filter>
    </ClInclude>
    <ClInclude Include="rx\rx_test\rx_take_while_test.hpp">
      <Filter>头文件</Filter>
    </ClInclude>
  </ItemGroup>
  <ItemGroup>
    <ClCompile Include="rx\main.cpp">
      <Filter>源文件</Filter>
    </ClCompile>
    <ClCompile Include="rx\schedule_manager.cpp">
      <Filter>源文件</Filter>
    </ClCompile>
    <ClCompile Include="rx\rx_test\rx_just_test.hpp">
      <Filter>源文件</Filter>
    </ClCompile>
    <ClCompile Include="rx\rx_test\rx_subscribe_on_test.hpp">
      <Filter>源文件</Filter>
    </ClCompile>
    <ClCompile Include="rx\safe_queue.hpp">
      <Filter>头文件</Filter>
    </ClCompile>
    <ClCompile Include="rx\rx_test\rx_observe_on_test.hpp">
      <Filter>源文件</Filter>
    </ClCompile>
  </ItemGroup>
  <ItemGroup>
    <None Include="rx\rx_common.hpp" />
  </ItemGroup>
</Project>